# This file is automatically @generated by Poetry 2.1.3 and should not be changed by hand.

[[package]]
name = "mutagen"
version = "1.47.0"
description = "read and write audio tags for many formats"
optional = false
python-versions = ">=3.7"
groups = ["main"]
files = [
    {file = "mutagen-1.47.0-py3-none-any.whl", hash = "sha256:edd96f50c5907a9539d8e5bba7245f62c9f520aef333d13392a79a4f70aca719"},
    {file = "mutagen-1.47.0.tar.gz", hash = "sha256:719fadef0a978c31b4cf3c956261b3c58b6948b32023078a2117b1de09f0fc99"},
]

[[package]]
name = "xspf-lib"
version = "0.3.4"
description = "Library for work with xspf format"
optional = false
python-versions = ">=3.7"
groups = ["main"]
files = [
    {file = "xspf_lib-0.3.4-py3-none-any.whl", hash = "sha256:ff5dd25aaae6606a310ca395b9427ded58b16aa96703b0e614e8bc6ee645d75f"},
    {file = "xspf_lib-0.3.4.tar.gz", hash = "sha256:58ecbbe04dc00444042cb7d4933d796047a7411f4a74f14f7e8ca958b606a223"},
]

[metadata]
lock-version = "2.1"
python-versions = ">=3.12"
content-hash = "7e552cb092f9b2bff07a6bfede4e8c846e4add6e23c37094f9ccd53728abb3e0"
